
Microsoft Visual Studio Solution File, Format Version 12.00
# Visual Studio Version 16
VisualStudioVersion = 16.0.29306.81
MinimumVisualStudioVersion = 10.0.40219.1
Project("{FAE04EC0-301F-11D3-BF4B-00C04F79EFBC}") = "Major Project 3", "Major Project 3\Major Project 3.csproj", "{CC193AD9-4BF5-42CC-B802-2C196B638F69}"
EndProject
Global
	GlobalSection(SolutionConfigurationPlatforms) = preSolution
		Debug|Any CPU = Debug|Any CPU
		Release|Any CPU = Release|Any CPU
	EndGlobalSection
	GlobalSection(ProjectConfigurationPlatforms) = postSolution
		{CC193AD9-4BF5-42CC-B802-2C196B638F69}.Debug|Any CPU.ActiveCfg = Debug|Any CPU
		{CC193AD9-4BF5-42CC-B802-2C196B638F69}.Debug|Any CPU.Build.0 = Debug|Any CPU
		{CC193AD9-4BF5-42CC-B802-2C196B638F69}.Release|Any CPU.ActiveCfg = Release|Any CPU
		{CC193AD9-4BF5-42CC-B802-2C196B638F69}.Release|Any CPU.Build.0 = Release|Any CPU
	EndGlobalSection
	GlobalSection(SolutionProperties) = preSolution
		HideSolutionNode = FALSE
	EndGlobalSection
	GlobalSection(ExtensibilityGlobals) = postSolution
		SolutionGuid = {1C8C62CA-88F4-4F8A-B54B-9D06D08D256B}
	EndGlobalSection
EndGlobal
